
Microsoft Visual Studio Solution File, Format Version 12.00
# Visual Studio 15
VisualStudioVersion = 15.0.27004.2010
MinimumVisualStudioVersion = 10.0.40219.1
Project("{FAE04EC0-301F-11D3-BF4B-00C04F79EFBC}") = "Academic Library Monitoring System", "Academic Library Monitoring System\Academic Library Monitoring System.csproj", "{5B8F8F4B-CA15-4D53-A6E2-B727E18C784B}"
EndProject
Global
	GlobalSection(SolutionConfigurationPlatforms) = preSolution
		Debug|Any CPU = Debug|Any CPU
		Release|Any CPU = Release|Any CPU
	EndGlobalSection
	GlobalSection(ProjectConfigurationPlatforms) = postSolution
		{5B8F8F4B-CA15-4D53-A6E2-B727E18C784B}.Debug|Any CPU.ActiveCfg = Debug|Any CPU
		{5B8F8F4B-CA15-4D53-A6E2-B727E18C784B}.Debug|Any CPU.Build.0 = Debug|Any CPU
		{5B8F8F4B-CA15-4D53-A6E2-B727E18C784B}.Release|Any CPU.ActiveCfg = Release|Any CPU
		{5B8F8F4B-CA15-4D53-A6E2-B727E18C784B}.Release|Any CPU.Build.0 = Release|Any CPU
	EndGlobalSection
	GlobalSection(SolutionProperties) = preSolution
		HideSolutionNode = FALSE
	EndGlobalSection
	GlobalSection(ExtensibilityGlobals) = postSolution
		SolutionGuid = {58AE660B-691C-40A9-87FA-1BF54A55D9B2}
	EndGlobalSection
EndGlobal
